
Microsoft Visual Studio Solution File, Format Version 12.00
# Visual Studio Version 17
VisualStudioVersion = 17.10.34916.146
MinimumVisualStudioVersion = 10.0.40219.1
Project("{FAE04EC0-301F-11D3-BF4B-00C04F79EFBC}") = "be_api_sales", "be_api_sales.csproj", "{06207687-C28D-4516-BE04-664D3C743C8A}"
EndProject
Global
	GlobalSection(SolutionConfigurationPlatforms) = preSolution
		Debug|Any CPU = Debug|Any CPU
		Release|Any CPU = Release|Any CPU
	EndGlobalSection
	GlobalSection(ProjectConfigurationPlatforms) = postSolution
		{06207687-C28D-4516-BE04-664D3C743C8A}.Debug|Any CPU.ActiveCfg = Debug|Any CPU
		{06207687-C28D-4516-BE04-664D3C743C8A}.Debug|Any CPU.Build.0 = Debug|Any CPU
		{06207687-C28D-4516-BE04-664D3C743C8A}.Release|Any CPU.ActiveCfg = Release|Any CPU
		{06207687-C28D-4516-BE04-664D3C743C8A}.Release|Any CPU.Build.0 = Release|Any CPU
	EndGlobalSection
	GlobalSection(SolutionProperties) = preSolution
		HideSolutionNode = FALSE
	EndGlobalSection
	GlobalSection(ExtensibilityGlobals) = postSolution
		SolutionGuid = {FB9072E3-EE29-4B62-BF7C-7587DC4E912A}
	EndGlobalSection
EndGlobal
